// !$*UTF8*$!
{
	archiveVersion = 1;
	classes = {
	};
	objectVersion = 55;
	objects = {

/* Begin PBXBuildFile section */
		581CE61D289D301D0003A27E /* AppDelegate.m in Sources */ = {isa = PBXBuildFile; fileRef = 581CE61C289D301D0003A27E /* AppDelegate.m */; };
		581CE620289D301D0003A27E /* SceneDelegate.m in Sources */ = {isa = PBXBuildFile; fileRef = 581CE61F289D301D0003A27E /* SceneDelegate.m */; };
		581CE623289D301D0003A27E /* ViewController.m in Sources */ = {isa = PBXBuildFile; fileRef = 581CE622289D301D0003A27E /* ViewController.m */; };
		581CE626289D301D0003A27E /* Main.storyboard in Resources */ = {isa = PBXBuildFile; fileRef = 581CE624289D301D0003A27E /* Main.storyboard */; };
		581CE628289D301E0003A27E /* Assets.xcassets in Resources */ = {isa = PBXBuildFile; fileRef = 581CE627289D301E0003A27E /* Assets.xcassets */; };
		581CE62B289D301E0003A27E /* LaunchScreen.storyboard in Resources */ = {isa = PBXBuildFile; fileRef = 581CE629289D301E0003A27E /* LaunchScreen.storyboard */; };
		581CE62E289D301E0003A27E /* main.m in Sources */ = {isa = PBXBuildFile; fileRef = 581CE62D289D301E0003A27E /* main.m */; };
		581CE638289D301E0003A27E /* __Tests.m in Sources */ = {isa = PBXBuildFile; fileRef = 581CE637289D301E0003A27E /* __Tests.m */; };
		581CE642289D301E0003A27E /* __UITests.m in Sources */ = {isa = PBXBuildFile; fileRef = 581CE641289D301E0003A27E /* __UITests.m */; };
		581CE644289D301E0003A27E /* __UITestsLaunchTests.m in Sources */ = {isa = PBXBuildFile; fileRef = 581CE643289D301E0003A27E /* __UITestsLaunchTests.m */; };
		581CE652289D306E0003A27E /* LoginViewController.m in Sources */ = {isa = PBXBuildFile; fileRef = 581CE651289D306E0003A27E /* LoginViewController.m */; };
		581CE655289D307C0003A27E /* RegisterViewController.m in Sources */ = {isa = PBXBuildFile; fileRef = 581CE654289D307C0003A27E /* RegisterViewController.m */; };
		581CE658289D39220003A27E /* FirstViewController.m in Sources */ = {isa = PBXBuildFile; fileRef = 581CE657289D39220003A27E /* FirstViewController.m */; };
		581CE65B289D395A0003A27E /* SecondViewController.m in Sources */ = {isa = PBXBuildFile; fileRef = 581CE65A289D395A0003A27E /* SecondViewController.m */; };
		581CE65E289D39680003A27E /* ThirdViewController.m in Sources */ = {isa = PBXBuildFile; fileRef = 581CE65D289D39680003A27E /* ThirdViewController.m */; };
		581CE661289D39720003A27E /* FourViewController.m in Sources */ = {isa = PBXBuildFile; fileRef = 581CE660289D39720003A27E /* FourViewController.m */; };
		581CE664289D397C0003A27E /* FiveViewController.m in Sources */ = {isa = PBXBuildFile; fileRef = 581CE663289D397C0003A27E /* FiveViewController.m */; };
		581CE667289D3EB10003A27E /* FriendViewController.m in Sources */ = {isa = PBXBuildFile; fileRef = 581CE666289D3EB10003A27E /* FriendViewController.m */; };
		581CE66A289D40FF0003A27E /* HeadTableViewCell.m in Sources */ = {isa = PBXBuildFile; fileRef = 581CE669289D40FF0003A27E /* HeadTableViewCell.m */; };
		581CE66C289D43910003A27E /* 1.png in Resources */ = {isa = PBXBuildFile; fileRef = 581CE66B289D43910003A27E /* 1.png */; };
		581CE66E289D43A10003A27E /* 2.png in Resources */ = {isa = PBXBuildFile; fileRef = 581CE66D289D43A10003A27E /* 2.png */; };
		581CE671289D45A30003A27E /* FirstTableViewCell.m in Sources */ = {isa = PBXBuildFile; fileRef = 581CE670289D45A30003A27E /* FirstTableViewCell.m */; };
		581CE674289D45AD0003A27E /* SecondTableViewCell.m in Sources */ = {isa = PBXBuildFile; fileRef = 581CE673289D45AD0003A27E /* SecondTableViewCell.m */; };
		581CE676289D4B3E0003A27E /* 3.jpg in Resources */ = {isa = PBXBuildFile; fileRef = 581CE675289D4B3E0003A27E /* 3.jpg */; };
		581CE678289D4B450003A27E /* 4.png in Resources */ = {isa = PBXBuildFile; fileRef = 581CE677289D4B450003A27E /* 4.png */; };
		581CE67A289D4B5D0003A27E /* 5.png in Resources */ = {isa = PBXBuildFile; fileRef = 581CE679289D4B5C0003A27E /* 5.png */; };
		581CE67C289D4B650003A27E /* 6.png in Resources */ = {isa = PBXBuildFile; fileRef = 581CE67B289D4B650003A27E /* 6.png */; };
		581CE67E289D4B7D0003A27E /* 7.png in Resources */ = {isa = PBXBuildFile; fileRef = 581CE67D289D4B7D0003A27E /* 7.png */; };
		581CE682289D4B8B0003A27E /* 9.png in Resources */ = {isa = PBXBuildFile; fileRef = 581CE681289D4B8B0003A27E /* 9.png */; };
		581CE684289D4B950003A27E /* 10.png in Resources */ = {isa = PBXBuildFile; fileRef = 581CE683289D4B950003A27E /* 10.png */; };
		581CE686289D53870003A27E /* 8.jpg in Resources */ = {isa = PBXBuildFile; fileRef = 581CE685289D53870003A27E /* 8.jpg */; };
		581CE688289D5E7E0003A27E /* fanhui.png in Resources */ = {isa = PBXBuildFile; fileRef = 581CE687289D5E7E0003A27E /* fanhui.png */; };
/* End PBXBuildFile section */

/* Begin PBXContainerItemProxy section */
		581CE634289D301E0003A27E /* PBXContainerItemProxy */ = {
			isa = PBXContainerItemProxy;
			containerPortal = 581CE610289D301D0003A27E /* Project object */;
			proxyType = 1;
			remoteGlobalIDString = 581CE617289D301D0003A27E;
			remoteInfo = "考核";
		};
		581CE63E289D301E0003A27E /* PBXContainerItemProxy */ = {
			isa = PBXContainerItemProxy;
			containerPortal = 581CE610289D301D0003A27E /* Project object */;
			proxyType = 1;
			remoteGlobalIDString = 581CE617289D301D0003A27E;
			remoteInfo = "考核";
		};
/* End PBXContainerItemProxy section */

/* Begin PBXFileReference section */
		581CE618289D301D0003A27E /* 考核.app */ = {isa = PBXFileReference; explicitFileType = wrapper.application; includeInIndex = 0; path = "考核.app"; sourceTree = BUILT_PRODUCTS_DIR; };
		581CE61B289D301D0003A27E /* AppDelegate.h */ = {isa = PBXFileReference; lastKnownFileType = sourcecode.c.h; path = AppDelegate.h; sourceTree = "<group>"; };
		581CE61C289D301D0003A27E /* AppDelegate.m */ = {isa = PBXFileReference; lastKnownFileType = sourcecode.c.objc; path = AppDelegate.m; sourceTree = "<group>"; };
		581CE61E289D301D0003A27E /* SceneDelegate.h */ = {isa = PBXFileReference; lastKnownFileType = sourcecode.c.h; path = SceneDelegate.h; sourceTree = "<group>"; };
		581CE61F289D301D0003A27E /* SceneDelegate.m */ = {isa = PBXFileReference; lastKnownFileType = sourcecode.c.objc; path = SceneDelegate.m; sourceTree = "<group>"; };
		581CE621289D301D0003A27E /* ViewController.h */ = {isa = PBXFileReference; lastKnownFileType = sourcecode.c.h; path = ViewController.h; sourceTree = "<group>"; };
		581CE622289D301D0003A27E /* ViewController.m */ = {isa = PBXFileReference; lastKnownFileType = sourcecode.c.objc; path = ViewController.m; sourceTree = "<group>"; };
		581CE625289D301D0003A27E /* Base */ = {isa = PBXFileReference; lastKnownFileType = file.storyboard; name = Base; path = Base.lproj/Main.storyboard; sourceTree = "<group>"; };
		581CE627289D301E0003A27E /* Assets.xcassets */ = {isa = PBXFileReference; lastKnownFileType = folder.assetcatalog; path = Assets.xcassets; sourceTree = "<group>"; };
		581CE62A289D301E0003A27E /* Base */ = {isa = PBXFileReference; lastKnownFileType = file.storyboard; name = Base; path = Base.lproj/LaunchScreen.storyboard; sourceTree = "<group>"; };
		581CE62C289D301E0003A27E /* Info.plist */ = {isa = PBXFileReference; lastKnownFileType = text.plist.xml; path = Info.plist; sourceTree = "<group>"; };
		581CE62D289D301E0003A27E /* main.m */ = {isa = PBXFileReference; lastKnownFileType = sourcecode.c.objc; path = main.m; sourceTree = "<group>"; };
		581CE633289D301E0003A27E /* 考核Tests.xctest */ = {isa = PBXFileReference; explicitFileType = wrapper.cfbundle; includeInIndex = 0; path = "考核Tests.xctest"; sourceTree = BUILT_PRODUCTS_DIR; };
		581CE637289D301E0003A27E /* __Tests.m */ = {isa = PBXFileReference; lastKnownFileType = sourcecode.c.objc; path = __Tests.m; sourceTree = "<group>"; };
		581CE63D289D301E0003A27E /* 考核UITests.xctest */ = {isa = PBXFileReference; explicitFileType = wrapper.cfbundle; includeInIndex = 0; path = "考核UITests.xctest"; sourceTree = BUILT_PRODUCTS_DIR; };
		581CE641289D301E0003A27E /* __UITests.m */ = {isa = PBXFileReference; lastKnownFileType = sourcecode.c.objc; path = __UITests.m; sourceTree = "<group>"; };
		581CE643289D301E0003A27E /* __UITestsLaunchTests.m */ = {isa = PBXFileReference; lastKnownFileType = sourcecode.c.objc; path = __UITestsLaunchTests.m; sourceTree = "<group>"; };
		581CE650289D306E0003A27E /* LoginViewController.h */ = {isa = PBXFileReference; lastKnownFileType = sourcecode.c.h; path = LoginViewController.h; sourceTree = "<group>"; };
		581CE651289D306E0003A27E /* LoginViewController.m */ = {isa = PBXFileReference; lastKnownFileType = sourcecode.c.objc; path = LoginViewController.m; sourceTree = "<group>"; };
		581CE653289D307C0003A27E /* RegisterViewController.h */ = {isa = PBXFileReference; lastKnownFileType = sourcecode.c.h; path = RegisterViewController.h; sourceTree = "<group>"; };
		581CE654289D307C0003A27E /* RegisterViewController.m */ = {isa = PBXFileReference; lastKnownFileType = sourcecode.c.objc; path = RegisterViewController.m; sourceTree = "<group>"; };
		581CE656289D39220003A27E /* FirstViewController.h */ = {isa = PBXFileReference; lastKnownFileType = sourcecode.c.h; path = FirstViewController.h; sourceTree = "<group>"; };
		581CE657289D39220003A27E /* FirstViewController.m */ = {isa = PBXFileReference; lastKnownFileType = sourcecode.c.objc; path = FirstViewController.m; sourceTree = "<group>"; };
		581CE659289D395A0003A27E /* SecondViewController.h */ = {isa = PBXFileReference; lastKnownFileType = sourcecode.c.h; path = SecondViewController.h; sourceTree = "<group>"; };
		581CE65A289D395A0003A27E /* SecondViewController.m */ = {isa = PBXFileReference; lastKnownFileType = sourcecode.c.objc; path = SecondViewController.m; sourceTree = "<group>"; };
		581CE65C289D39680003A27E /* ThirdViewController.h */ = {isa = PBXFileReference; lastKnownFileType = sourcecode.c.h; path = ThirdViewController.h; sourceTree = "<group>"; };
		581CE65D289D39680003A27E /* ThirdViewController.m */ = {isa = PBXFileReference; lastKnownFileType = sourcecode.c.objc; path = ThirdViewController.m; sourceTree = "<group>"; };
		581CE65F289D39720003A27E /* FourViewController.h */ = {isa = PBXFileReference; lastKnownFileType = sourcecode.c.h; path = FourViewController.h; sourceTree = "<group>"; };
		581CE660289D39720003A27E /* FourViewController.m */ = {isa = PBXFileReference; lastKnownFileType = sourcecode.c.objc; path = FourViewController.m; sourceTree = "<group>"; };
		581CE662289D397C0003A27E /* FiveViewController.h */ = {isa = PBXFileReference; lastKnownFileType = sourcecode.c.h; path = FiveViewController.h; sourceTree = "<group>"; };
		581CE663289D397C0003A27E /* FiveViewController.m */ = {isa = PBXFileReference; lastKnownFileType = sourcecode.c.objc; path = FiveViewController.m; sourceTree = "<group>"; };
		581CE665289D3EB10003A27E /* FriendViewController.h */ = {isa = PBXFileReference; lastKnownFileType = sourcecode.c.h; path = FriendViewController.h; sourceTree = "<group>"; };
		581CE666289D3EB10003A27E /* FriendViewController.m */ = {isa = PBXFileReference; lastKnownFileType = sourcecode.c.objc; path = FriendViewController.m; sourceTree = "<group>"; };
		581CE668289D40FF0003A27E /* HeadTableViewCell.h */ = {isa = PBXFileReference; lastKnownFileType = sourcecode.c.h; path = HeadTableViewCell.h; sourceTree = "<group>"; };
		581CE669289D40FF0003A27E /* HeadTableViewCell.m */ = {isa = PBXFileReference; lastKnownFileType = sourcecode.c.objc; path = HeadTableViewCell.m; sourceTree = "<group>"; };
		581CE66B289D43910003A27E /* 1.png */ = {isa = PBXFileReference; lastKnownFileType = image.png; path = 1.png; sourceTree = "<group>"; };
		581CE66D289D43A10003A27E /* 2.png */ = {isa = PBXFileReference; lastKnownFileType = image.png; path = 2.png; sourceTree = "<group>"; };
		581CE66F289D45A30003A27E /* FirstTableViewCell.h */ = {isa = PBXFileReference; lastKnownFileType = sourcecode.c.h; path = FirstTableViewCell.h; sourceTree = "<group>"; };
		581CE670289D45A30003A27E /* FirstTableViewCell.m */ = {isa = PBXFileReference; lastKnownFileType = sourcecode.c.objc; path = FirstTableViewCell.m; sourceTree = "<group>"; };
		581CE672289D45AD0003A27E /* SecondTableViewCell.h */ = {isa = PBXFileReference; lastKnownFileType = sourcecode.c.h; path = SecondTableViewCell.h; sourceTree = "<group>"; };
		581CE673289D45AD0003A27E /* SecondTableViewCell.m */ = {isa = PBXFileReference; lastKnownFileType = sourcecode.c.objc; path = SecondTableViewCell.m; sourceTree = "<group>"; };
		581CE675289D4B3E0003A27E /* 3.jpg */ = {isa = PBXFileReference; lastKnownFileType = image.jpeg; path = 3.jpg; sourceTree = "<group>"; };
		581CE677289D4B450003A27E /* 4.png */ = {isa = PBXFileReference; lastKnownFileType = image.png; path = 4.png; sourceTree = "<group>"; };
		581CE679289D4B5C0003A27E /* 5.png */ = {isa = PBXFileReference; lastKnownFileType = image.png; path = 5.png; sourceTree = "<group>"; };
		581CE67B289D4B650003A27E /* 6.png */ = {isa = PBXFileReference; lastKnownFileType = image.png; path = 6.png; sourceTree = "<group>"; };
		581CE67D289D4B7D0003A27E /* 7.png */ = {isa = PBXFileReference; lastKnownFileType = image.png; path = 7.png; sourceTree = "<group>"; };
		581CE681289D4B8B0003A27E /* 9.png */ = {isa = PBXFileReference; lastKnownFileType = image.png; path = 9.png; sourceTree = "<group>"; };
		581CE683289D4B950003A27E /* 10.png */ = {isa = PBXFileReference; lastKnownFileType = image.png; path = 10.png; sourceTree = "<group>"; };
		581CE685289D53870003A27E /* 8.jpg */ = {isa = PBXFileReference; lastKnownFileType = image.jpeg; path = 8.jpg; sourceTree = "<group>"; };
		581CE687289D5E7E0003A27E /* fanhui.png */ = {isa = PBXFileReference; lastKnownFileType = image.png; path = fanhui.png; sourceTree = "<group>"; };
/* End PBXFileReference section */

/* Begin PBXFrameworksBuildPhase section */
		581CE615289D301D0003A27E /* Frameworks */ = {
			isa = PBXFrameworksBuildPhase;
			buildActionMask = 2147483647;
			files = (
			);
			runOnlyForDeploymentPostprocessing = 0;
		};
		581CE630289D301E0003A27E /* Frameworks */ = {
			isa = PBXFrameworksBuildPhase;
			buildActionMask = 2147483647;
			files = (
			);
			runOnlyForDeploymentPostprocessing = 0;
		};
		581CE63A289D301E0003A27E /* Frameworks */ = {
			isa = PBXFrameworksBuildPhase;
			buildActionMask = 2147483647;
			files = (
			);
			runOnlyForDeploymentPostprocessing = 0;
		};
/* End PBXFrameworksBuildPhase section */

/* Begin PBXGroup section */
		581CE60F289D301D0003A27E = {
			isa = PBXGroup;
			children = (
				581CE61A289D301D0003A27E /* 考核 */,
				581CE636289D301E0003A27E /* 考核Tests */,
				581CE640289D301E0003A27E /* 考核UITests */,
				581CE619289D301D0003A27E /* Products */,
			);
			sourceTree = "<group>";
		};
		581CE619289D301D0003A27E /* Products */ = {
			isa = PBXGroup;
			children = (
				581CE618289D301D0003A27E /* 考核.app */,
				581CE633289D301E0003A27E /* 考核Tests.xctest */,
				581CE63D289D301E0003A27E /* 考核UITests.xctest */,
			);
			name = Products;
			sourceTree = "<group>";
		};
		581CE61A289D301D0003A27E /* 考核 */ = {
			isa = PBXGroup;
			children = (
				581CE66B289D43910003A27E /* 1.png */,
				581CE66D289D43A10003A27E /* 2.png */,
				581CE675289D4B3E0003A27E /* 3.jpg */,
				581CE677289D4B450003A27E /* 4.png */,
				581CE679289D4B5C0003A27E /* 5.png */,
				581CE67B289D4B650003A27E /* 6.png */,
				581CE67D289D4B7D0003A27E /* 7.png */,
				581CE685289D53870003A27E /* 8.jpg */,
				581CE681289D4B8B0003A27E /* 9.png */,
				581CE683289D4B950003A27E /* 10.png */,
				581CE687289D5E7E0003A27E /* fanhui.png */,
				581CE61B289D301D0003A27E /* AppDelegate.h */,
				581CE61C289D301D0003A27E /* AppDelegate.m */,
				581CE61E289D301D0003A27E /* SceneDelegate.h */,
				581CE61F289D301D0003A27E /* SceneDelegate.m */,
				581CE621289D301D0003A27E /* ViewController.h */,
				581CE622289D301D0003A27E /* ViewController.m */,
				581CE650289D306E0003A27E /* LoginViewController.h */,
				581CE651289D306E0003A27E /* LoginViewController.m */,
				581CE653289D307C0003A27E /* RegisterViewController.h */,
				581CE654289D307C0003A27E /* RegisterViewController.m */,
				581CE656289D39220003A27E /* FirstViewController.h */,
				581CE657289D39220003A27E /* FirstViewController.m */,
				581CE659289D395A0003A27E /* SecondViewController.h */,
				581CE65A289D395A0003A27E /* SecondViewController.m */,
				581CE65C289D39680003A27E /* ThirdViewController.h */,
				581CE65D289D39680003A27E /* ThirdViewController.m */,
				581CE65F289D39720003A27E /* FourViewController.h */,
				581CE660289D39720003A27E /* FourViewController.m */,
				581CE662289D397C0003A27E /* FiveViewController.h */,
				581CE663289D397C0003A27E /* FiveViewController.m */,
				581CE665289D3EB10003A27E /* FriendViewController.h */,
				581CE666289D3EB10003A27E /* FriendViewController.m */,
				581CE668289D40FF0003A27E /* HeadTableViewCell.h */,
				581CE669289D40FF0003A27E /* HeadTableViewCell.m */,
				581CE66F289D45A30003A27E /* FirstTableViewCell.h */,
				581CE670289D45A30003A27E /* FirstTableViewCell.m */,
				581CE672289D45AD0003A27E /* SecondTableViewCell.h */,
				581CE673289D45AD0003A27E /* SecondTableViewCell.m */,
				581CE624289D301D0003A27E /* Main.storyboard */,
				581CE627289D301E0003A27E /* Assets.xcassets */,
				581CE629289D301E0003A27E /* LaunchScreen.storyboard */,
				581CE62C289D301E0003A27E /* Info.plist */,
				581CE62D289D301E0003A27E /* main.m */,
			);
			path = "考核";
			sourceTree = "<group>";
		};
		581CE636289D301E0003A27E /* 考核Tests */ = {
			isa = PBXGroup;
			children = (
				581CE637289D301E0003A27E /* __Tests.m */,
			);
			path = "考核Tests";
			sourceTree = "<group>";
		};
		581CE640289D301E0003A27E /* 考核UITests */ = {
			isa = PBXGroup;
			children = (
				581CE641289D301E0003A27E /* __UITests.m */,
				581CE643289D301E0003A27E /* __UITestsLaunchTests.m */,
			);
			path = "考核UITests";
			sourceTree = "<group>";
		};
/* End PBXGroup section */

/* Begin PBXNativeTarget section */
		581CE617289D301D0003A27E /* 考核 */ = {
			isa = PBXNativeTarget;
			buildConfigurationList = 581CE647289D301E0003A27E /* Build configuration list for PBXNativeTarget "考核" */;
			buildPhases = (
				581CE614289D301D0003A27E /* Sources */,
				581CE615289D301D0003A27E /* Frameworks */,
				581CE616289D301D0003A27E /* Resources */,
			);
			buildRules = (
			);
			dependencies = (
			);
			name = "考核";
			productName = "考核";
			productReference = 581CE618289D301D0003A27E /* 考核.app */;
			productType = "com.apple.product-type.application";
		};
		581CE632289D301E0003A27E /* 考核Tests */ = {
			isa = PBXNativeTarget;
			buildConfigurationList = 581CE64A289D301E0003A27E /* Build configuration list for PBXNativeTarget "考核Tests" */;
			buildPhases = (
				581CE62F289D301E0003A27E /* Sources */,
				581CE630289D301E0003A27E /* Frameworks */,
				581CE631289D301E0003A27E /* Resources */,
			);
			buildRules = (
			);
			dependencies = (
				581CE635289D301E0003A27E /* PBXTargetDependency */,
			);
			name = "考核Tests";
			productName = "考核Tests";
			productReference = 581CE633289D301E0003A27E /* 考核Tests.xctest */;
			productType = "com.apple.product-type.bundle.unit-test";
		};
		581CE63C289D301E0003A27E /* 考核UITests */ = {
			isa = PBXNativeTarget;
			buildConfigurationList = 581CE64D289D301E0003A27E /* Build configuration list for PBXNativeTarget "考核UITests" */;
			buildPhases = (
				581CE639289D301E0003A27E /* Sources */,
				581CE63A289D301E0003A27E /* Frameworks */,
				581CE63B289D301E0003A27E /* Resources */,
			);
			buildRules = (
			);
			dependencies = (
				581CE63F289D301E0003A27E /* PBXTargetDependency */,
			);
			name = "考核UITests";
			productName = "考核UITests";
			productReference = 581CE63D289D301E0003A27E /* 考核UITests.xctest */;
			productType = "com.apple.product-type.bundle.ui-testing";
		};
/* End PBXNativeTarget section */

/* Begin PBXProject section */
		581CE610289D301D0003A27E /* Project object */ = {
			isa = PBXProject;
			attributes = {
				BuildIndependentTargetsInParallel = 1;
				LastUpgradeCheck = 1340;
				TargetAttributes = {
					581CE617289D301D0003A27E = {
						CreatedOnToolsVersion = 13.4;
					};
					581CE632289D301E0003A27E = {
						CreatedOnToolsVersion = 13.4;
						TestTargetID = 581CE617289D301D0003A27E;
					};
					581CE63C289D301E0003A27E = {
						CreatedOnToolsVersion = 13.4;
						TestTargetID = 581CE617289D301D0003A27E;
					};
				};
			};
			buildConfigurationList = 581CE613289D301D0003A27E /* Build configuration list for PBXProject "考核" */;
			compatibilityVersion = "Xcode 13.0";
			developmentRegion = en;
			hasScannedForEncodings = 0;
			knownRegions = (
				en,
				Base,
			);
			mainGroup = 581CE60F289D301D0003A27E;
			productRefGroup = 581CE619289D301D0003A27E /* Products */;
			projectDirPath = "";
			projectRoot = "";
			targets = (
				581CE617289D301D0003A27E /* 考核 */,
				581CE632289D301E0003A27E /* 考核Tests */,
				581CE63C289D301E0003A27E /* 考核UITests */,
			);
		};
/* End PBXProject section */

/* Begin PBXResourcesBuildPhase section */
		581CE616289D301D0003A27E /* Resources */ = {
			isa = PBXResourcesBuildPhase;
			buildActionMask = 2147483647;
			files = (
				581CE684289D4B950003A27E /* 10.png in Resources */,
				581CE62B289D301E0003A27E /* LaunchScreen.storyboard in Resources */,
				581CE678289D4B450003A27E /* 4.png in Resources */,
				581CE66C289D43910003A27E /* 1.png in Resources */,
				581CE67C289D4B650003A27E /* 6.png in Resources */,
				581CE686289D53870003A27E /* 8.jpg in Resources */,
				581CE66E289D43A10003A27E /* 2.png in Resources */,
				581CE676289D4B3E0003A27E /* 3.jpg in Resources */,
				581CE688289D5E7E0003A27E /* fanhui.png in Resources */,
				581CE67A289D4B5D0003A27E /* 5.png in Resources */,
				581CE67E289D4B7D0003A27E /* 7.png in Resources */,
				581CE682289D4B8B0003A27E /* 9.png in Resources */,
				581CE628289D301E0003A27E /* Assets.xcassets in Resources */,
				581CE626289D301D0003A27E /* Main.storyboard in Resources */,
			);
			runOnlyForDeploymentPostprocessing = 0;
		};
		581CE631289D301E0003A27E /* Resources */ = {
			isa = PBXResourcesBuildPhase;
			buildActionMask = 2147483647;
			files = (
			);
			runOnlyForDeploymentPostprocessing = 0;
		};
		581CE63B289D301E0003A27E /* Resources */ = {
			isa = PBXResourcesBuildPhase;
			buildActionMask = 2147483647;
			files = (
			);
			runOnlyForDeploymentPostprocessing = 0;
		};
/* End PBXResourcesBuildPhase section */

/* Begin PBXSourcesBuildPhase section */
		581CE614289D301D0003A27E /* Sources */ = {
			isa = PBXSourcesBuildPhase;
			buildActionMask = 2147483647;
			files = (
				581CE623289D301D0003A27E /* ViewController.m in Sources */,
				581CE655289D307C0003A27E /* RegisterViewController.m in Sources */,
				581CE661289D39720003A27E /* FourViewController.m in Sources */,
				581CE658289D39220003A27E /* FirstViewController.m in Sources */,
				581CE667289D3EB10003A27E /* FriendViewController.m in Sources */,
				581CE66A289D40FF0003A27E /* HeadTableViewCell.m in Sources */,
				581CE674289D45AD0003A27E /* SecondTableViewCell.m in Sources */,
				581CE61D289D301D0003A27E /* AppDelegate.m in Sources */,
				581CE65B289D395A0003A27E /* SecondViewController.m in Sources */,
				581CE65E289D39680003A27E /* ThirdViewController.m in Sources */,
				581CE62E289D301E0003A27E /* main.m in Sources */,
				581CE664289D397C0003A27E /* FiveViewController.m in Sources */,
				581CE620289D301D0003A27E /* SceneDelegate.m in Sources */,
				581CE671289D45A30003A27E /* FirstTableViewCell.m in Sources */,
				581CE652289D306E0003A27E /* LoginViewController.m in Sources */,
			);
			runOnlyForDeploymentPostprocessing = 0;
		};
		581CE62F289D301E0003A27E /* Sources */ = {
			isa = PBXSourcesBuildPhase;
			buildActionMask = 2147483647;
			files = (
				581CE638289D301E0003A27E /* __Tests.m in Sources */,
			);
			runOnlyForDeploymentPostprocessing = 0;
		};
		581CE639289D301E0003A27E /* Sources */ = {
			isa = PBXSourcesBuildPhase;
			buildActionMask = 2147483647;
			files = (
				581CE644289D301E0003A27E /* __UITestsLaunchTests.m in Sources */,
				581CE642289D301E0003A27E /* __UITests.m in Sources */,
			);
			runOnlyForDeploymentPostprocessing = 0;
		};
/* End PBXSourcesBuildPhase section */

/* Begin PBXTargetDependency section */
		581CE635289D301E0003A27E /* PBXTargetDependency */ = {
			isa = PBXTargetDependency;
			target = 581CE617289D301D0003A27E /* 考核 */;
			targetProxy = 581CE634289D301E0003A27E /* PBXContainerItemProxy */;
		};
		581CE63F289D301E0003A27E /* PBXTargetDependency */ = {
			isa = PBXTargetDependency;
			target = 581CE617289D301D0003A27E /* 考核 */;
			targetProxy = 581CE63E289D301E0003A27E /* PBXContainerItemProxy */;
		};
/* End PBXTargetDependency section */

/* Begin PBXVariantGroup section */
		581CE624289D301D0003A27E /* Main.storyboard */ = {
			isa = PBXVariantGroup;
			children = (
				581CE625289D301D0003A27E /* Base */,
			);
			name = Main.storyboard;
			sourceTree = "<group>";
		};
		581CE629289D301E0003A27E /* LaunchScreen.storyboard */ = {
			isa = PBXVariantGroup;
			children = (
				581CE62A289D301E0003A27E /* Base */,
			);
			name = LaunchScreen.storyboard;
			sourceTree = "<group>";
		};
/* End PBXVariantGroup section */

/* Begin XCBuildConfiguration section */
		581CE645289D301E0003A27E /* Debug */ = {
			isa = XCBuildConfiguration;
			buildSettings = {
				ALWAYS_SEARCH_USER_PATHS = NO;
				CLANG_ANALYZER_NONNULL = YES;
				CLANG_ANALYZER_NUMBER_OBJECT_CONVERSION = YES_AGGRESSIVE;
				CLANG_CXX_LANGUAGE_STANDARD = "gnu++17";
				CLANG_ENABLE_MODULES = YES;
				CLANG_ENABLE_OBJC_ARC = YES;
				CLANG_ENABLE_OBJC_WEAK = YES;
				CLANG_WARN_BLOCK_CAPTURE_AUTORELEASING = YES;
				CLANG_WARN_BOOL_CONVERSION = YES;
				CLANG_WARN_COMMA = YES;
				CLANG_WARN_CONSTANT_CONVERSION = YES;
				CLANG_WARN_DEPRECATED_OBJC_IMPLEMENTATIONS = YES;
				CLANG_WARN_DIRECT_OBJC_ISA_USAGE = YES_ERROR;
				CLANG_WARN_DOCUMENTATION_COMMENTS = YES;
				CLANG_WARN_EMPTY_BODY = YES;
				CLANG_WARN_ENUM_CONVERSION = YES;
				CLANG_WARN_INFINITE_RECURSION = YES;
				CLANG_WARN_INT_CONVERSION = YES;
				CLANG_WARN_NON_LITERAL_NULL_CONVERSION = YES;
				CLANG_WARN_OBJC_IMPLICIT_RETAIN_SELF = YES;
				CLANG_WARN_OBJC_LITERAL_CONVERSION = YES;
				CLANG_WARN_OBJC_ROOT_CLASS = YES_ERROR;
				CLANG_WARN_QUOTED_INCLUDE_IN_FRAMEWORK_HEADER = YES;
				CLANG_WARN_RANGE_LOOP_ANALYSIS = YES;
				CLANG_WARN_STRICT_PROTOTYPES = YES;
				CLANG_WARN_SUSPICIOUS_MOVE = YES;
				CLANG_WARN_UNGUARDED_AVAILABILITY = YES_AGGRESSIVE;
				CLANG_WARN_UNREACHABLE_CODE = YES;
				CLANG_WARN__DUPLICATE_METHOD_MATCH = YES;
				COPY_PHASE_STRIP = NO;
				DEBUG_INFORMATION_FORMAT = dwarf;
				ENABLE_STRICT_OBJC_MSGSEND = YES;
				ENABLE_TESTABILITY = YES;
				GCC_C_LANGUAGE_STANDARD = gnu11;
				GCC_DYNAMIC_NO_PIC = NO;
				GCC_NO_COMMON_BLOCKS = YES;
				GCC_OPTIMIZATION_LEVEL = 0;
				GCC_PREPROCESSOR_DEFINITIONS = (
					"DEBUG=1",
					"$(inherited)",
				);
				GCC_WARN_64_TO_32_BIT_CONVERSION = YES;
				GCC_WARN_ABOUT_RETURN_TYPE = YES_ERROR;
				GCC_WARN_UNDECLARED_SELECTOR = YES;
				GCC_WARN_UNINITIALIZED_AUTOS = YES_AGGRESSIVE;
				GCC_WARN_UNUSED_FUNCTION = YES;
				GCC_WARN_UNUSED_VARIABLE = YES;
				IPHONEOS_DEPLOYMENT_TARGET = 15.5;
				MTL_ENABLE_DEBUG_INFO = INCLUDE_SOURCE;
				MTL_FAST_MATH = YES;
				ONLY_ACTIVE_ARCH = YES;
				SDKROOT = iphoneos;
			};
			name = Debug;
		};
		581CE646289D301E0003A27E /* Release */ = {
			isa = XCBuildConfiguration;
			buildSettings = {
				ALWAYS_SEARCH_USER_PATHS = NO;
				CLANG_ANALYZER_NONNULL = YES;
				CLANG_ANALYZER_NUMBER_OBJECT_CONVERSION = YES_AGGRESSIVE;
				CLANG_CXX_LANGUAGE_STANDARD = "gnu++17";
				CLANG_ENABLE_MODULES = YES;
				CLANG_ENABLE_OBJC_ARC = YES;
				CLANG_ENABLE_OBJC_WEAK = YES;
				CLANG_WARN_BLOCK_CAPTURE_AUTORELEASING = YES;
				CLANG_WARN_BOOL_CONVERSION = YES;
				CLANG_WARN_COMMA = YES;
				CLANG_WARN_CONSTANT_CONVERSION = YES;
				CLANG_WARN_DEPRECATED_OBJC_IMPLEMENTATIONS = YES;
				CLANG_WARN_DIRECT_OBJC_ISA_USAGE = YES_ERROR;
				CLANG_WARN_DOCUMENTATION_COMMENTS = YES;
				CLANG_WARN_EMPTY_BODY = YES;
				CLANG_WARN_ENUM_CONVERSION = YES;
				CLANG_WARN_INFINITE_RECURSION = YES;
				CLANG_WARN_INT_CONVERSION = YES;
				CLANG_WARN_NON_LITERAL_NULL_CONVERSION = YES;
				CLANG_WARN_OBJC_IMPLICIT_RETAIN_SELF = YES;
				CLANG_WARN_OBJC_LITERAL_CONVERSION = YES;
				CLANG_WARN_OBJC_ROOT_CLASS = YES_ERROR;
				CLANG_WARN_QUOTED_INCLUDE_IN_FRAMEWORK_HEADER = YES;
				CLANG_WARN_RANGE_LOOP_ANALYSIS = YES;
				CLANG_WARN_STRICT_PROTOTYPES = YES;
				CLANG_WARN_SUSPICIOUS_MOVE = YES;
				CLANG_WARN_UNGUARDED_AVAILABILITY = YES_AGGRESSIVE;
				CLANG_WARN_UNREACHABLE_CODE = YES;
				CLANG_WARN__DUPLICATE_METHOD_MATCH = YES;
				COPY_PHASE_STRIP = NO;
				DEBUG_INFORMATION_FORMAT = "dwarf-with-dsym";
				ENABLE_NS_ASSERTIONS = NO;
				ENABLE_STRICT_OBJC_MSGSEND = YES;
				GCC_C_LANGUAGE_STANDARD = gnu11;
				GCC_NO_COMMON_BLOCKS = YES;
				GCC_WARN_64_TO_32_BIT_CONVERSION = YES;
				GCC_WARN_ABOUT_RETURN_TYPE = YES_ERROR;
				GCC_WARN_UNDECLARED_SELECTOR = YES;
				GCC_WARN_UNINITIALIZED_AUTOS = YES_AGGRESSIVE;
				GCC_WARN_UNUSED_FUNCTION = YES;
				GCC_WARN_UNUSED_VARIABLE = YES;
				IPHONEOS_DEPLOYMENT_TARGET = 15.5;
				MTL_ENABLE_DEBUG_INFO = NO;
				MTL_FAST_MATH = YES;
				SDKROOT = iphoneos;
				VALIDATE_PRODUCT = YES;
			};
			name = Release;
		};
		581CE648289D301E0003A27E /* Debug */ = {
			isa = XCBuildConfiguration;
			buildSettings = {
				ASSETCATALOG_COMPILER_APPICON_NAME = AppIcon;
				ASSETCATALOG_COMPILER_GLOBAL_ACCENT_COLOR_NAME = AccentColor;
				CODE_SIGN_STYLE = Automatic;
				CURRENT_PROJECT_VERSION = 1;
				DEVELOPMENT_TEAM = 2K97J7XJC7;
				GENERATE_INFOPLIST_FILE = YES;
				INFOPLIST_FILE = "考核/Info.plist";
				INFOPLIST_KEY_UIApplicationSupportsIndirectInputEvents = YES;
				INFOPLIST_KEY_UILaunchStoryboardName = LaunchScreen;
				INFOPLIST_KEY_UIMainStoryboardFile = Main;
				INFOPLIST_KEY_UISupportedInterfaceOrientations_iPad = "UIInterfaceOrientationPortrait UIInterfaceOrientationPortraitUpsideDown UIInterfaceOrientationLandscapeLeft UIInterfaceOrientationLandscapeRight";
				INFOPLIST_KEY_UISupportedInterfaceOrientations_iPhone = "UIInterfaceOrientationPortrait UIInterfaceOrientationLandscapeLeft UIInterfaceOrientationLandscapeRight";
				LD_RUNPATH_SEARCH_PATHS = (
					"$(inherited)",
					"@executable_path/Frameworks",
				);
				MARKETING_VERSION = 1.0;
				PRODUCT_BUNDLE_IDENTIFIER = "-.--";
				PRODUCT_NAME = "$(TARGET_NAME)";
				SWIFT_EMIT_LOC_STRINGS = YES;
				TARGETED_DEVICE_FAMILY = "1,2";
			};
			name = Debug;
		};
		581CE649289D301E0003A27E /* Release */ = {
			isa = XCBuildConfiguration;
			buildSettings = {
				ASSETCATALOG_COMPILER_APPICON_NAME = AppIcon;
				ASSETCATALOG_COMPILER_GLOBAL_ACCENT_COLOR_NAME = AccentColor;
				CODE_SIGN_STYLE = Automatic;
				CURRENT_PROJECT_VERSION = 1;
				DEVELOPMENT_TEAM = 2K97J7XJC7;
				GENERATE_INFOPLIST_FILE = YES;
				INFOPLIST_FILE = "考核/Info.plist";
				INFOPLIST_KEY_UIApplicationSupportsIndirectInputEvents = YES;
				INFOPLIST_KEY_UILaunchStoryboardName = LaunchScreen;
				INFOPLIST_KEY_UIMainStoryboardFile = Main;
				INFOPLIST_KEY_UISupportedInterfaceOrientations_iPad = "UIInterfaceOrientationPortrait UIInterfaceOrientationPortraitUpsideDown UIInterfaceOrientationLandscapeLeft UIInterfaceOrientationLandscapeRight";
				INFOPLIST_KEY_UISupportedInterfaceOrientations_iPhone = "UIInterfaceOrientationPortrait UIInterfaceOrientationLandscapeLeft UIInterfaceOrientationLandscapeRight";
				LD_RUNPATH_SEARCH_PATHS = (
					"$(inherited)",
					"@executable_path/Frameworks",
				);
				MARKETING_VERSION = 1.0;
				PRODUCT_BUNDLE_IDENTIFIER = "-.--";
				PRODUCT_NAME = "$(TARGET_NAME)";
				SWIFT_EMIT_LOC_STRINGS = YES;
				TARGETED_DEVICE_FAMILY = "1,2";
			};
			name = Release;
		};
		581CE64B289D301E0003A27E /* Debug */ = {
			isa = XCBuildConfiguration;
			buildSettings = {
				BUNDLE_LOADER = "$(TEST_HOST)";
				CODE_SIGN_STYLE = Automatic;
				CURRENT_PROJECT_VERSION = 1;
				DEVELOPMENT_TEAM = 2K97J7XJC7;
				GENERATE_INFOPLIST_FILE = YES;
				IPHONEOS_DEPLOYMENT_TARGET = 15.5;
				MARKETING_VERSION = 1.0;
				PRODUCT_BUNDLE_IDENTIFIER = "-.--Tests";
				PRODUCT_NAME = "$(TARGET_NAME)";
				SWIFT_EMIT_LOC_STRINGS = NO;
				TARGETED_DEVICE_FAMILY = "1,2";
				TEST_HOST = "$(BUILT_PRODUCTS_DIR)/考核.app/考核";
			};
			name = Debug;
		};
		581CE64C289D301E0003A27E /* Release */ = {
			isa = XCBuildConfiguration;
			buildSettings = {
				BUNDLE_LOADER = "$(TEST_HOST)";
				CODE_SIGN_STYLE = Automatic;
				CURRENT_PROJECT_VERSION = 1;
				DEVELOPMENT_TEAM = 2K97J7XJC7;
				GENERATE_INFOPLIST_FILE = YES;
				IPHONEOS_DEPLOYMENT_TARGET = 15.5;
				MARKETING_VERSION = 1.0;
				PRODUCT_BUNDLE_IDENTIFIER = "-.--Tests";
				PRODUCT_NAME = "$(TARGET_NAME)";
				SWIFT_EMIT_LOC_STRINGS = NO;
				TARGETED_DEVICE_FAMILY = "1,2";
				TEST_HOST = "$(BUILT_PRODUCTS_DIR)/考核.app/考核";
			};
			name = Release;
		};
		581CE64E289D301E0003A27E /* Debug */ = {
			isa = XCBuildConfiguration;
			buildSettings = {
				CODE_SIGN_STYLE = Automatic;
				CURRENT_PROJECT_VERSION = 1;
				DEVELOPMENT_TEAM = 2K97J7XJC7;
				GENERATE_INFOPLIST_FILE = YES;
				MARKETING_VERSION = 1.0;
				PRODUCT_BUNDLE_IDENTIFIER = "-.--UITests";
				PRODUCT_NAME = "$(TARGET_NAME)";
				SWIFT_EMIT_LOC_STRINGS = NO;
				TARGETED_DEVICE_FAMILY = "1,2";
				TEST_TARGET_NAME = "考核";
			};
			name = Debug;
		};
		581CE64F289D301E0003A27E /* Release */ = {
			isa = XCBuildConfiguration;
			buildSettings = {
				CODE_SIGN_STYLE = Automatic;
				CURRENT_PROJECT_VERSION = 1;
				DEVELOPMENT_TEAM = 2K97J7XJC7;
				GENERATE_INFOPLIST_FILE = YES;
				MARKETING_VERSION = 1.0;
				PRODUCT_BUNDLE_IDENTIFIER = "-.--UITests";
				PRODUCT_NAME = "$(TARGET_NAME)";
				SWIFT_EMIT_LOC_STRINGS = NO;
				TARGETED_DEVICE_FAMILY = "1,2";
				TEST_TARGET_NAME = "考核";
			};
			name = Release;
		};
/* End XCBuildConfiguration section */

/* Begin XCConfigurationList section */
		581CE613289D301D0003A27E /* Build configuration list for PBXProject "考核" */ = {
			isa = XCConfigurationList;
			buildConfigurations = (
				581CE645289D301E0003A27E /* Debug */,
				581CE646289D301E0003A27E /* Release */,
			);
			defaultConfigurationIsVisible = 0;
			defaultConfigurationName = Release;
		};
		581CE647289D301E0003A27E /* Build configuration list for PBXNativeTarget "考核" */ = {
			isa = XCConfigurationList;
			buildConfigurations = (
				581CE648289D301E0003A27E /* Debug */,
				581CE649289D301E0003A27E /* Release */,
			);
			defaultConfigurationIsVisible = 0;
			defaultConfigurationName = Release;
		};
		581CE64A289D301E0003A27E /* Build configuration list for PBXNativeTarget "考核Tests" */ = {
			isa = XCConfigurationList;
			buildConfigurations = (
				581CE64B289D301E0003A27E /* Debug */,
				581CE64C289D301E0003A27E /* Release */,
			);
			defaultConfigurationIsVisible = 0;
			defaultConfigurationName = Release;
		};
		581CE64D289D301E0003A27E /* Build configuration list for PBXNativeTarget "考核UITests" */ = {
			isa = XCConfigurationList;
			buildConfigurations = (
				581CE64E289D301E0003A27E /* Debug */,
				581CE64F289D301E0003A27E /* Release */,
			);
			defaultConfigurationIsVisible = 0;
			defaultConfigurationName = Release;
		};
/* End XCConfigurationList section */
	};
	rootObject = 581CE610289D301D0003A27E /* Project object */;
}
